
Microsoft Visual Studio Solution File, Format Version 12.00
# Visual Studio 15
VisualStudioVersion = 15.0.28307.271
MinimumVisualStudioVersion = 10.0.40219.1
Project("{FAE04EC0-301F-11D3-BF4B-00C04F79EFBC}") = "WebApplication1", "WebApplication1\WebApplication1.csproj", "{95464179-48E4-43A5-B7BA-4BA60C33B5C8}"
EndProject
Global
	GlobalSection(SolutionConfigurationPlatforms) = preSolution
		Debug|Any CPU = Debug|Any CPU
		Release|Any CPU = Release|Any CPU
	EndGlobalSection
	GlobalSection(ProjectConfigurationPlatforms) = postSolution
		{95464179-48E4-43A5-B7BA-4BA60C33B5C8}.Debug|Any CPU.ActiveCfg = Debug|Any CPU
		{95464179-48E4-43A5-B7BA-4BA60C33B5C8}.Debug|Any CPU.Build.0 = Debug|Any CPU
		{95464179-48E4-43A5-B7BA-4BA60C33B5C8}.Release|Any CPU.ActiveCfg = Release|Any CPU
		{95464179-48E4-43A5-B7BA-4BA60C33B5C8}.Release|Any CPU.Build.0 = Release|Any CPU
	EndGlobalSection
	GlobalSection(SolutionProperties) = preSolution
		HideSolutionNode = FALSE
	EndGlobalSection
	GlobalSection(ExtensibilityGlobals) = postSolution
		SolutionGuid = {CEDFB21D-DC3A-4E76-9319-B50EC634CDB7}
	EndGlobalSection
EndGlobal
